// !$*UTF8*$!
{
	archiveVersion = 1;
	classes = {
	};
	objectVersion = 46;
	objects = {

/* Begin PBXBuildFile section */
		1FB5511F1B436829004A84A9 /* main.m in Sources */ = {isa = PBXBuildFile; fileRef = 1FB5511E1B436829004A84A9 /* main.m */; };
		1FB551221B436829004A84A9 /* AppDelegate.m in Sources */ = {isa = PBXBuildFile; fileRef = 1FB551211B436829004A84A9 /* AppDelegate.m */; };
		1FB551251B436829004A84A9 /* ViewController.m in Sources */ = {isa = PBXBuildFile; fileRef = 1FB551241B436829004A84A9 /* ViewController.m */; };
		1FB551281B436829004A84A9 /* Main.storyboard in Resources */ = {isa = PBXBuildFile; fileRef = 1FB551261B436829004A84A9 /* Main.storyboard */; };
		1FB5512A1B43682A004A84A9 /* Images.xcassets in Resources */ = {isa = PBXBuildFile; fileRef = 1FB551291B43682A004A84A9 /* Images.xcassets */; };
		1FB5512D1B43682A004A84A9 /* LaunchScreen.xib in Resources */ = {isa = PBXBuildFile; fileRef = 1FB5512B1B43682A004A84A9 /* LaunchScreen.xib */; };
		1FB551391B43682A004A84A9 /* AccordionTableViewTests.m in Sources */ = {isa = PBXBuildFile; fileRef = 1FB551381B43682A004A84A9 /* AccordionTableViewTests.m */; };
		1FB551451B436975004A84A9 /* LetsTalkCustomCell.m in Sources */ = {isa = PBXBuildFile; fileRef = 1FB551431B436975004A84A9 /* LetsTalkCustomCell.m */; };
		1FB551461B436975004A84A9 /* LetsTalkCustomCell.xib in Resources */ = {isa = PBXBuildFile; fileRef = 1FB551441B436975004A84A9 /* LetsTalkCustomCell.xib */; };
		1FB5514A1B436986004A84A9 /* ChildCell.m in Sources */ = {isa = PBXBuildFile; fileRef = 1FB551481B436986004A84A9 /* ChildCell.m */; };
		1FB5514B1B436986004A84A9 /* ChildCell.xib in Resources */ = {isa = PBXBuildFile; fileRef = 1FB551491B436986004A84A9 /* ChildCell.xib */; };
		1FE49B8B1B43EB1A006DBFF2 /* arrow_down_lt.png in Resources */ = {isa = PBXBuildFile; fileRef = 1FE49B8A1B43EB1A006DBFF2 /* arrow_down_lt.png */; };
		1FE49B8F1B43F78C006DBFF2 /* arrow_up_lt.png in Resources */ = {isa = PBXBuildFile; fileRef = 1FE49B8E1B43F78C006DBFF2 /* arrow_up_lt.png */; };
		1FE49B911B43F805006DBFF2 /* food & drink_lt@2x.png in Resources */ = {isa = PBXBuildFile; fileRef = 1FE49B901B43F805006DBFF2 /* food & drink_lt@2x.png */; };
/* End PBXBuildFile section */

/* Begin PBXContainerItemProxy section */
		1FB551331B43682A004A84A9 /* PBXContainerItemProxy */ = {
			isa = PBXContainerItemProxy;
			containerPortal = 1FB551111B436829004A84A9 /* Project object */;
			proxyType = 1;
			remoteGlobalIDString = 1FB551181B436829004A84A9;
			remoteInfo = AccordionTableView;
		};
/* End PBXContainerItemProxy section */

/* Begin PBXFileReference section */
		1FB551191B436829004A84A9 /* AccordionTableView.app */ = {isa = PBXFileReference; explicitFileType = wrapper.application; includeInIndex = 0; path = AccordionTableView.app; sourceTree = BUILT_PRODUCTS_DIR; };
		1FB5511D1B436829004A84A9 /* Info.plist */ = {isa = PBXFileReference; lastKnownFileType = text.plist.xml; path = Info.plist; sourceTree = "<group>"; };
		1FB5511E1B436829004A84A9 /* main.m */ = {isa = PBXFileReference; lastKnownFileType = sourcecode.c.objc; path = main.m; sourceTree = "<group>"; };
		1FB551201B436829004A84A9 /* AppDelegate.h */ = {isa = PBXFileReference; lastKnownFileType = sourcecode.c.h; path = AppDelegate.h; sourceTree = "<group>"; };
		1FB551211B436829004A84A9 /* AppDelegate.m */ = {isa = PBXFileReference; lastKnownFileType = sourcecode.c.objc; path = AppDelegate.m; sourceTree = "<group>"; };
		1FB551231B436829004A84A9 /* ViewController.h */ = {isa = PBXFileReference; lastKnownFileType = sourcecode.c.h; path = ViewController.h; sourceTree = "<group>"; };
		1FB551241B436829004A84A9 /* ViewController.m */ = {isa = PBXFileReference; lastKnownFileType = sourcecode.c.objc; path = ViewController.m; sourceTree = "<group>"; };
		1FB551271B436829004A84A9 /* Base */ = {isa = PBXFileReference; lastKnownFileType = file.storyboard; name = Base; path = Base.lproj/Main.storyboard; sourceTree = "<group>"; };
		1FB551291B43682A004A84A9 /* Images.xcassets */ = {isa = PBXFileReference; lastKnownFileType = folder.assetcatalog; path = Images.xcassets; sourceTree = "<group>"; };
		1FB5512C1B43682A004A84A9 /* Base */ = {isa = PBXFileReference; lastKnownFileType = file.xib; name = Base; path = Base.lproj/LaunchScreen.xib; sourceTree = "<group>"; };
		1FB551321B43682A004A84A9 /* AccordionTableViewTests.xctest */ = {isa = PBXFileReference; explicitFileType = wrapper.cfbundle; includeInIndex = 0; path = AccordionTableViewTests.xctest; sourceTree = BUILT_PRODUCTS_DIR; };
		1FB551371B43682A004A84A9 /* Info.plist */ = {isa = PBXFileReference; lastKnownFileType = text.plist.xml; path = Info.plist; sourceTree = "<group>"; };
		1FB551381B43682A004A84A9 /* AccordionTableViewTests.m */ = {isa = PBXFileReference; lastKnownFileType = sourcecode.c.objc; path = AccordionTableViewTests.m; sourceTree = "<group>"; };
		1FB551421B436975004A84A9 /* LetsTalkCustomCell.h */ = {isa = PBXFileReference; fileEncoding = 4; lastKnownFileType = sourcecode.c.h; path = LetsTalkCustomCell.h; sourceTree = "<group>"; };
		1FB551431B436975004A84A9 /* LetsTalkCustomCell.m */ = {isa = PBXFileReference; fileEncoding = 4; lastKnownFileType = sourcecode.c.objc; path = LetsTalkCustomCell.m; sourceTree = "<group>"; };
		1FB551441B436975004A84A9 /* LetsTalkCustomCell.xib */ = {isa = PBXFileReference; fileEncoding = 4; lastKnownFileType = file.xib; path = LetsTalkCustomCell.xib; sourceTree = "<group>"; };
		1FB551471B436986004A84A9 /* ChildCell.h */ = {isa = PBXFileReference; fileEncoding = 4; lastKnownFileType = sourcecode.c.h; path = ChildCell.h; sourceTree = "<group>"; };
		1FB551481B436986004A84A9 /* ChildCell.m */ = {isa = PBXFileReference; fileEncoding = 4; lastKnownFileType = sourcecode.c.objc; path = ChildCell.m; sourceTree = "<group>"; };
		1FB551491B436986004A84A9 /* ChildCell.xib */ = {isa = PBXFileReference; fileEncoding = 4; lastKnownFileType = file.xib; path = ChildCell.xib; sourceTree = "<group>"; };
		1FE49B8A1B43EB1A006DBFF2 /* arrow_down_lt.png */ = {isa = PBXFileReference; lastKnownFileType = image.png; path = arrow_down_lt.png; sourceTree = "<group>"; };
		1FE49B8E1B43F78C006DBFF2 /* arrow_up_lt.png */ = {isa = PBXFileReference; lastKnownFileType = image.png; path = arrow_up_lt.png; sourceTree = "<group>"; };
		1FE49B901B43F805006DBFF2 /* food & drink_lt@2x.png */ = {isa = PBXFileReference; lastKnownFileType = image.png; path = "food & drink_lt@2x.png"; sourceTree = "<group>"; };
/* End PBXFileReference section */

/* Begin PBXFrameworksBuildPhase section */
		1FB551161B436829004A84A9 /* Frameworks */ = {
			isa = PBXFrameworksBuildPhase;
			buildActionMask = 2147483647;
			files = (
			);
			runOnlyForDeploymentPostprocessing = 0;
		};
		1FB5512F1B43682A004A84A9 /* Frameworks */ = {
			isa = PBXFrameworksBuildPhase;
			buildActionMask = 2147483647;
			files = (
			);
			runOnlyForDeploymentPostprocessing = 0;
		};
/* End PBXFrameworksBuildPhase section */

/* Begin PBXGroup section */
		1FB551101B436829004A84A9 = {
			isa = PBXGroup;
			children = (
				1FB5511B1B436829004A84A9 /* AccordionTableView */,
				1FB551351B43682A004A84A9 /* AccordionTableViewTests */,
				1FB5511A1B436829004A84A9 /* Products */,
			);
			sourceTree = "<group>";
		};
		1FB5511A1B436829004A84A9 /* Products */ = {
			isa = PBXGroup;
			children = (
				1FB551191B436829004A84A9 /* AccordionTableView.app */,
				1FB551321B43682A004A84A9 /* AccordionTableViewTests.xctest */,
			);
			name = Products;
			sourceTree = "<group>";
		};
		1FB5511B1B436829004A84A9 /* AccordionTableView */ = {
			isa = PBXGroup;
			children = (
				1FB551201B436829004A84A9 /* AppDelegate.h */,
				1FB551211B436829004A84A9 /* AppDelegate.m */,
				1FB551231B436829004A84A9 /* ViewController.h */,
				1FB551241B436829004A84A9 /* ViewController.m */,
				1FB551421B436975004A84A9 /* LetsTalkCustomCell.h */,
				1FB551431B436975004A84A9 /* LetsTalkCustomCell.m */,
				1FB551441B436975004A84A9 /* LetsTalkCustomCell.xib */,
				1FB551471B436986004A84A9 /* ChildCell.h */,
				1FB551481B436986004A84A9 /* ChildCell.m */,
				1FB551491B436986004A84A9 /* ChildCell.xib */,
				1FB551261B436829004A84A9 /* Main.storyboard */,
				1FE49B901B43F805006DBFF2 /* food & drink_lt@2x.png */,
				1FE49B8E1B43F78C006DBFF2 /* arrow_up_lt.png */,
				1FE49B8A1B43EB1A006DBFF2 /* arrow_down_lt.png */,
				1FB551291B43682A004A84A9 /* Images.xcassets */,
				1FB5512B1B43682A004A84A9 /* LaunchScreen.xib */,
				1FB5511C1B436829004A84A9 /* Supporting Files */,
			);
			path = AccordionTableView;
			sourceTree = "<group>";
		};
		1FB5511C1B436829004A84A9 /* Supporting Files */ = {
			isa = PBXGroup;
			children = (
				1FB5511D1B436829004A84A9 /* Info.plist */,
				1FB5511E1B436829004A84A9 /* main.m */,
			);
			name = "Supporting Files";
			sourceTree = "<group>";
		};
		1FB551351B43682A004A84A9 /* AccordionTableViewTests */ = {
			isa = PBXGroup;
			children = (
				1FB551381B43682A004A84A9 /* AccordionTableViewTests.m */,
				1FB551361B43682A004A84A9 /* Supporting Files */,
			);
			path = AccordionTableViewTests;
			sourceTree = "<group>";
		};
		1FB551361B43682A004A84A9 /* Supporting Files */ = {
			isa = PBXGroup;
			children = (
				1FB551371B43682A004A84A9 /* Info.plist */,
			);
			name = "Supporting Files";
			sourceTree = "<group>";
		};
/* End PBXGroup section */

/* Begin PBXNativeTarget section */
		1FB551181B436829004A84A9 /* AccordionTableView */ = {
			isa = PBXNativeTarget;
			buildConfigurationList = 1FB5513C1B43682A004A84A9 /* Build configuration list for PBXNativeTarget "AccordionTableView" */;
			buildPhases = (
				1FB551151B436829004A84A9 /* Sources */,
				1FB551161B436829004A84A9 /* Frameworks */,
				1FB551171B436829004A84A9 /* Resources */,
			);
			buildRules = (
			);
			dependencies = (
			);
			name = AccordionTableView;
			productName = AccordionTableView;
			productReference = 1FB551191B436829004A84A9 /* AccordionTableView.app */;
			productType = "com.apple.product-type.application";
		};
		1FB551311B43682A004A84A9 /* AccordionTableViewTests */ = {
			isa = PBXNativeTarget;
			buildConfigurationList = 1FB5513F1B43682A004A84A9 /* Build configuration list for PBXNativeTarget "AccordionTableViewTests" */;
			buildPhases = (
				1FB5512E1B43682A004A84A9 /* Sources */,
				1FB5512F1B43682A004A84A9 /* Frameworks */,
				1FB551301B43682A004A84A9 /* Resources */,
			);
			buildRules = (
			);
			dependencies = (
				1FB551341B43682A004A84A9 /* PBXTargetDependency */,
			);
			name = AccordionTableViewTests;
			productName = AccordionTableViewTests;
			productReference = 1FB551321B43682A004A84A9 /* AccordionTableViewTests.xctest */;
			productType = "com.apple.product-type.bundle.unit-test";
		};
/* End PBXNativeTarget section */

/* Begin PBXProject section */
		1FB551111B436829004A84A9 /* Project object */ = {
			isa = PBXProject;
			attributes = {
				LastUpgradeCheck = 0600;
				ORGANIZATIONNAME = "Ruckya Sinorina";
				TargetAttributes = {
					1FB551181B436829004A84A9 = {
						CreatedOnToolsVersion = 6.0.1;
					};
					1FB551311B43682A004A84A9 = {
						CreatedOnToolsVersion = 6.0.1;
						TestTargetID = 1FB551181B436829004A84A9;
					};
				};
			};
			buildConfigurationList = 1FB551141B436829004A84A9 /* Build configuration list for PBXProject "AccordionTableView" */;
			compatibilityVersion = "Xcode 3.2";
			developmentRegion = English;
			hasScannedForEncodings = 0;
			knownRegions = (
				en,
				Base,
			);
			mainGroup = 1FB551101B436829004A84A9;
			productRefGroup = 1FB5511A1B436829004A84A9 /* Products */;
			projectDirPath = "";
			projectRoot = "";
			targets = (
				1FB551181B436829004A84A9 /* AccordionTableView */,
				1FB551311B43682A004A84A9 /* AccordionTableViewTests */,
			);
		};
/* End PBXProject section */

/* Begin PBXResourcesBuildPhase section */
		1FB551171B436829004A84A9 /* Resources */ = {
			isa = PBXResourcesBuildPhase;
			buildActionMask = 2147483647;
			files = (
				1FE49B911B43F805006DBFF2 /* food & drink_lt@2x.png in Resources */,
				1FB551281B436829004A84A9 /* Main.storyboard in Resources */,
				1FB5514B1B436986004A84A9 /* ChildCell.xib in Resources */,
				1FB5512D1B43682A004A84A9 /* LaunchScreen.xib in Resources */,
				1FE49B8B1B43EB1A006DBFF2 /* arrow_down_lt.png in Resources */,
				1FE49B8F1B43F78C006DBFF2 /* arrow_up_lt.png in Resources */,
				1FB551461B436975004A84A9 /* LetsTalkCustomCell.xib in Resources */,
				1FB5512A1B43682A004A84A9 /* Images.xcassets in Resources */,
			);
			runOnlyForDeploymentPostprocessing = 0;
		};
		1FB551301B43682A004A84A9 /* Resources */ = {
			isa = PBXResourcesBuildPhase;
			buildActionMask = 2147483647;
			files = (
			);
			runOnlyForDeploymentPostprocessing = 0;
		};
/* End PBXResourcesBuildPhase section */

/* Begin PBXSourcesBuildPhase section */
		1FB551151B436829004A84A9 /* Sources */ = {
			isa = PBXSourcesBuildPhase;
			buildActionMask = 2147483647;
			files = (
				1FB5514A1B436986004A84A9 /* ChildCell.m in Sources */,
				1FB551251B436829004A84A9 /* ViewController.m in Sources */,
				1FB551221B436829004A84A9 /* AppDelegate.m in Sources */,
				1FB551451B436975004A84A9 /* LetsTalkCustomCell.m in Sources */,
				1FB5511F1B436829004A84A9 /* main.m in Sources */,
			);
			runOnlyForDeploymentPostprocessing = 0;
		};
		1FB5512E1B43682A004A84A9 /* Sources */ = {
			isa = PBXSourcesBuildPhase;
			buildActionMask = 2147483647;
			files = (
				1FB551391B43682A004A84A9 /* AccordionTableViewTests.m in Sources */,
			);
			runOnlyForDeploymentPostprocessing = 0;
		};
/* End PBXSourcesBuildPhase section */

/* Begin PBXTargetDependency section */
		1FB551341B43682A004A84A9 /* PBXTargetDependency */ = {
			isa = PBXTargetDependency;
			target = 1FB551181B436829004A84A9 /* AccordionTableView */;
			targetProxy = 1FB551331B43682A004A84A9 /* PBXContainerItemProxy */;
		};
/* End PBXTargetDependency section */

/* Begin PBXVariantGroup section */
		1FB551261B436829004A84A9 /* Main.storyboard */ = {
			isa = PBXVariantGroup;
			children = (
				1FB551271B436829004A84A9 /* Base */,
			);
			name = Main.storyboard;
			sourceTree = "<group>";
		};
		1FB5512B1B43682A004A84A9 /* LaunchScreen.xib */ = {
			isa = PBXVariantGroup;
			children = (
				1FB5512C1B43682A004A84A9 /* Base */,
			);
			name = LaunchScreen.xib;
			sourceTree = "<group>";
		};
/* End PBXVariantGroup section */

/* Begin XCBuildConfiguration section */
		1FB5513A1B43682A004A84A9 /* Debug */ = {
			isa = XCBuildConfiguration;
			buildSettings = {
				ALWAYS_SEARCH_USER_PATHS = NO;
				CLANG_CXX_LANGUAGE_STANDARD = "gnu++0x";
				CLANG_CXX_LIBRARY = "libc++";
				CLANG_ENABLE_MODULES = YES;
				CLANG_ENABLE_OBJC_ARC = YES;
				CLANG_WARN_BOOL_CONVERSION = YES;
				CLANG_WARN_CONSTANT_CONVERSION = YES;
				CLANG_WARN_DIRECT_OBJC_ISA_USAGE = YES_ERROR;
				CLANG_WARN_EMPTY_BODY = YES;
				CLANG_WARN_ENUM_CONVERSION = YES;
				CLANG_WARN_INT_CONVERSION = YES;
				CLANG_WARN_OBJC_ROOT_CLASS = YES_ERROR;
				CLANG_WARN_UNREACHABLE_CODE = YES;
				CLANG_WARN__DUPLICATE_METHOD_MATCH = YES;
				"CODE_SIGN_IDENTITY[sdk=iphoneos*]" = "iPhone Developer";
				COPY_PHASE_STRIP = NO;
				ENABLE_STRICT_OBJC_MSGSEND = YES;
				GCC_C_LANGUAGE_STANDARD = gnu99;
				GCC_DYNAMIC_NO_PIC = NO;
				GCC_OPTIMIZATION_LEVEL = 0;
				GCC_PREPROCESSOR_DEFINITIONS = (
					"DEBUG=1",
					"$(inherited)",
				);
				GCC_SYMBOLS_PRIVATE_EXTERN = NO;
				GCC_WARN_64_TO_32_BIT_CONVERSION = YES;
				GCC_WARN_ABOUT_RETURN_TYPE = YES_ERROR;
				GCC_WARN_UNDECLARED_SELECTOR = YES;
				GCC_WARN_UNINITIALIZED_AUTOS = YES_AGGRESSIVE;
				GCC_WARN_UNUSED_FUNCTION = YES;
				GCC_WARN_UNUSED_VARIABLE = YES;
				IPHONEOS_DEPLOYMENT_TARGET = 8.0;
				MTL_ENABLE_DEBUG_INFO = YES;
				ONLY_ACTIVE_ARCH = YES;
				SDKROOT = iphoneos;
			};
			name = Debug;
		};
		1FB5513B1B43682A004A84A9 /* Release */ = {
			isa = XCBuildConfiguration;
			buildSettings = {
				ALWAYS_SEARCH_USER_PATHS = NO;
				CLANG_CXX_LANGUAGE_STANDARD = "gnu++0x";
				CLANG_CXX_LIBRARY = "libc++";
				CLANG_ENABLE_MODULES = YES;
				CLANG_ENABLE_OBJC_ARC = YES;
				CLANG_WARN_BOOL_CONVERSION = YES;
				CLANG_WARN_CONSTANT_CONVERSION = YES;
				CLANG_WARN_DIRECT_OBJC_ISA_USAGE = YES_ERROR;
				CLANG_WARN_EMPTY_BODY = YES;
				CLANG_WARN_ENUM_CONVERSION = YES;
				CLANG_WARN_INT_CONVERSION = YES;
				CLANG_WARN_OBJC_ROOT_CLASS = YES_ERROR;
				CLANG_WARN_UNREACHABLE_CODE = YES;
				CLANG_WARN__DUPLICATE_METHOD_MATCH = YES;
				"CODE_SIGN_IDENTITY[sdk=iphoneos*]" = "iPhone Developer";
				COPY_PHASE_STRIP = YES;
				ENABLE_NS_ASSERTIONS = NO;
				ENABLE_STRICT_OBJC_MSGSEND = YES;
				GCC_C_LANGUAGE_STANDARD = gnu99;
				GCC_WARN_64_TO_32_BIT_CONVERSION = YES;
				GCC_WARN_ABOUT_RETURN_TYPE = YES_ERROR;
				GCC_WARN_UNDECLARED_SELECTOR = YES;
				GCC_WARN_UNINITIALIZED_AUTOS = YES_AGGRESSIVE;
				GCC_WARN_UNUSED_FUNCTION = YES;
				GCC_WARN_UNUSED_VARIABLE = YES;
				IPHONEOS_DEPLOYMENT_TARGET = 8.0;
				MTL_ENABLE_DEBUG_INFO = NO;
				SDKROOT = iphoneos;
				VALIDATE_PRODUCT = YES;
			};
			name = Release;
		};
		1FB5513D1B43682A004A84A9 /* Debug */ = {
			isa = XCBuildConfiguration;
			buildSettings = {
				ASSETCATALOG_COMPILER_APPICON_NAME = AppIcon;
				INFOPLIST_FILE = AccordionTableView/Info.plist;
				LD_RUNPATH_SEARCH_PATHS = "$(inherited) @executable_path/Frameworks";
				PRODUCT_NAME = "$(TARGET_NAME)";
			};
			name = Debug;
		};
		1FB5513E1B43682A004A84A9 /* Release */ = {
			isa = XCBuildConfiguration;
			buildSettings = {
				ASSETCATALOG_COMPILER_APPICON_NAME = AppIcon;
				INFOPLIST_FILE = AccordionTableView/Info.plist;
				LD_RUNPATH_SEARCH_PATHS = "$(inherited) @executable_path/Frameworks";
				PRODUCT_NAME = "$(TARGET_NAME)";
			};
			name = Release;
		};
		1FB551401B43682A004A84A9 /* Debug */ = {
			isa = XCBuildConfiguration;
			buildSettings = {
				BUNDLE_LOADER = "$(TEST_HOST)";
				FRAMEWORK_SEARCH_PATHS = (
					"$(SDKROOT)/Developer/Library/Frameworks",
					"$(inherited)",
				);
				GCC_PREPROCESSOR_DEFINITIONS = (
					"DEBUG=1",
					"$(inherited)",
				);
				INFOPLIST_FILE = AccordionTableViewTests/Info.plist;
				LD_RUNPATH_SEARCH_PATHS = "$(inherited) @executable_path/Frameworks @loader_path/Frameworks";
				PRODUCT_NAME = "$(TARGET_NAME)";
				TEST_HOST = "$(BUILT_PRODUCTS_DIR)/AccordionTableView.app/AccordionTableView";
			};
			name = Debug;
		};
		1FB551411B43682A004A84A9 /* Release */ = {
			isa = XCBuildConfiguration;
			buildSettings = {
				BUNDLE_LOADER = "$(TEST_HOST)";
				FRAMEWORK_SEARCH_PATHS = (
					"$(SDKROOT)/Developer/Library/Frameworks",
					"$(inherited)",
				);
				INFOPLIST_FILE = AccordionTableViewTests/Info.plist;
				LD_RUNPATH_SEARCH_PATHS = "$(inherited) @executable_path/Frameworks @loader_path/Frameworks";
				PRODUCT_NAME = "$(TARGET_NAME)";
				TEST_HOST = "$(BUILT_PRODUCTS_DIR)/AccordionTableView.app/AccordionTableView";
			};
			name = Release;
		};
/* End XCBuildConfiguration section */

/* Begin XCConfigurationList section */
		1FB551141B436829004A84A9 /* Build configuration list for PBXProject "AccordionTableView" */ = {
			isa = XCConfigurationList;
			buildConfigurations = (
				1FB5513A1B43682A004A84A9 /* Debug */,
				1FB5513B1B43682A004A84A9 /* Release */,
			);
			defaultConfigurationIsVisible = 0;
			defaultConfigurationName = Release;
		};
		1FB5513C1B43682A004A84A9 /* Build configuration list for PBXNativeTarget "AccordionTableView" */ = {
			isa = XCConfigurationList;
			buildConfigurations = (
				1FB5513D1B43682A004A84A9 /* Debug */,
				1FB5513E1B43682A004A84A9 /* Release */,
			);
			defaultConfigurationIsVisible = 0;
			defaultConfigurationName = Release;
		};
		1FB5513F1B43682A004A84A9 /* Build configuration list for PBXNativeTarget "AccordionTableViewTests" */ = {
			isa = XCConfigurationList;
			buildConfigurations = (
				1FB551401B43682A004A84A9 /* Debug */,
				1FB551411B43682A004A84A9 /* Release */,
			);
			defaultConfigurationIsVisible = 0;
			defaultConfigurationName = Release;
		};
/* End XCConfigurationList section */
	};
	rootObject = 1FB551111B436829004A84A9 /* Project object */;
}
